lockfileVersion: '9.0'

settings:
  autoInstallPeers: true
  excludeLinksFromLockfile: false

importers:

  .:
    dependencies:
      node-appwrite:
        specifier: ^18.0.0
        version: 18.0.0

packages:

  node-appwrite@18.0.0:
    resolution: {integrity: sha512-2S0T17H2Gm5ZcdInCmHk8Pc8P6mKW8cDCoSBNF3PYGxbKjT51V/HY/2n6IPRqk2HrHPySmx3JIMN+V6QBprqAw==}

  node-fetch-native-with-agent@1.7.2:
    resolution: {integrity: sha512-5MaOOCuJEvcckoz7/tjdx1M6OusOY6Xc5f459IaruGStWnKzlI1qpNgaAwmn4LmFYcsSlj+jBMk84wmmRxfk5g==}

snapshots:

  node-appwrite@18.0.0:
    dependencies:
      node-fetch-native-with-agent: 1.7.2

  node-fetch-native-with-agent@1.7.2: {}
